
Microsoft Visual Studio Solution File, Format Version 12.00
# Visual Studio Version 17
VisualStudioVersion = 17.14.36429.23 d17.14
MinimumVisualStudioVersion = 10.0.40219.1
Project("{FAE04EC0-301F-11D3-BF4B-00C04F79EFBC}") = "First", "First.csproj", "{D00940E4-995C-4C7F-B796-02202977BD98}"
EndProject
Global
	GlobalSection(SolutionConfigurationPlatforms) = preSolution
		Debug|Any CPU = Debug|Any CPU
		Release|Any CPU = Release|Any CPU
	EndGlobalSection
	GlobalSection(ProjectConfigurationPlatforms) = postSolution
		{D00940E4-995C-4C7F-B796-02202977BD98}.Debug|Any CPU.ActiveCfg = Debug|Any CPU
		{D00940E4-995C-4C7F-B796-02202977BD98}.Debug|Any CPU.Build.0 = Debug|Any CPU
		{D00940E4-995C-4C7F-B796-02202977BD98}.Release|Any CPU.ActiveCfg = Release|Any CPU
		{D00940E4-995C-4C7F-B796-02202977BD98}.Release|Any CPU.Build.0 = Release|Any CPU
	EndGlobalSection
	GlobalSection(SolutionProperties) = preSolution
		HideSolutionNode = FALSE
	EndGlobalSection
	GlobalSection(ExtensibilityGlobals) = postSolution
		SolutionGuid = {F6D388B1-1907-40FC-891A-B7117886B140}
	EndGlobalSection
EndGlobal
